
Microsoft Visual Studio Solution File, Format Version 12.00
Project("{FAE04EC0-301F-11D3-BF4B-00C04F79EFBC}") = "LandingEn", "LandingEn\LandingEn.csproj", "{96A465DB-AE03-4DE6-A3CE-201D9FA2AD60}"
EndProject
Global
	GlobalSection(SolutionConfigurationPlatforms) = preSolution
		Debug|Any CPU = Debug|Any CPU
		Release|Any CPU = Release|Any CPU
	EndGlobalSection
	GlobalSection(ProjectConfigurationPlatforms) = postSolution
		{96A465DB-AE03-4DE6-A3CE-201D9FA2AD60}.Debug|Any CPU.ActiveCfg = Debug|Any CPU
		{96A465DB-AE03-4DE6-A3CE-201D9FA2AD60}.Debug|Any CPU.Build.0 = Debug|Any CPU
		{96A465DB-AE03-4DE6-A3CE-201D9FA2AD60}.Release|Any CPU.ActiveCfg = Release|Any CPU
		{96A465DB-AE03-4DE6-A3CE-201D9FA2AD60}.Release|Any CPU.Build.0 = Release|Any CPU
	EndGlobalSection
EndGlobal
